
Microsoft Visual Studio Solution File, Format Version 12.00
# Visual Studio 14
VisualStudioVersion = 14.0.24720.0
MinimumVisualStudioVersion = 10.0.40219.1
Project("{FAE04EC0-301F-11D3-BF4B-00C04F79EFBC}") = "chessgame", "chessgame\chessgame.csproj", "{DA16A37F-1544-4C28-944F-22AABF9879EF}"
EndProject
Global
	GlobalSection(SolutionConfigurationPlatforms) = preSolution
		Debug|Any CPU = Debug|Any CPU
		Release|Any CPU = Release|Any CPU
	EndGlobalSection
	GlobalSection(ProjectConfigurationPlatforms) = postSolution
		{DA16A37F-1544-4C28-944F-22AABF9879EF}.Debug|Any CPU.ActiveCfg = Debug|Any CPU
		{DA16A37F-1544-4C28-944F-22AABF9879EF}.Debug|Any CPU.Build.0 = Debug|Any CPU
		{DA16A37F-1544-4C28-944F-22AABF9879EF}.Release|Any CPU.ActiveCfg = Release|Any CPU
		{DA16A37F-1544-4C28-944F-22AABF9879EF}.Release|Any CPU.Build.0 = Release|Any CPU
	EndGlobalSection
	GlobalSection(SolutionProperties) = preSolution
		HideSolutionNode = FALSE
	EndGlobalSection
EndGlobal
